
Microsoft Visual Studio Solution File, Format Version 12.00
# Visual Studio Version 16
VisualStudioVersion = 16.0.29215.179
MinimumVisualStudioVersion = 10.0.40219.1
Project("{FAE04EC0-301F-11D3-BF4B-00C04F79EFBC}") = "ComplaintApp", "ComplaintApp\ComplaintApp.csproj", "{B7BE208E-03E7-41AE-BD97-2819D27A9BDE}"
EndProject
Global
	GlobalSection(SolutionConfigurationPlatforms) = preSolution
		Debug|Any CPU = Debug|Any CPU
		Release|Any CPU = Release|Any CPU
	EndGlobalSection
	GlobalSection(ProjectConfigurationPlatforms) = postSolution
		{B7BE208E-03E7-41AE-BD97-2819D27A9BDE}.Debug|Any CPU.ActiveCfg = Debug|Any CPU
		{B7BE208E-03E7-41AE-BD97-2819D27A9BDE}.Debug|Any CPU.Build.0 = Debug|Any CPU
		{B7BE208E-03E7-41AE-BD97-2819D27A9BDE}.Release|Any CPU.ActiveCfg = Release|Any CPU
		{B7BE208E-03E7-41AE-BD97-2819D27A9BDE}.Release|Any CPU.Build.0 = Release|Any CPU
	EndGlobalSection
	GlobalSection(SolutionProperties) = preSolution
		HideSolutionNode = FALSE
	EndGlobalSection
	GlobalSection(ExtensibilityGlobals) = postSolution
		SolutionGuid = {7C13AD75-EE16-4AF1-AD0B-CF565FC9189D}
	EndGlobalSection
EndGlobal
