
Microsoft Visual Studio Solution File, Format Version 12.00
# Visual Studio Version 16
VisualStudioVersion = 16.0.29215.179
MinimumVisualStudioVersion = 10.0.40219.1
Project("{FAE04EC0-301F-11D3-BF4B-00C04F79EFBC}") = "Advanced Project", "Advanced Project\Advanced Project.csproj", "{D64D6F48-8D6B-4143-AAD4-025FA86114F2}"
EndProject
Global
	GlobalSection(SolutionConfigurationPlatforms) = preSolution
		Debug|Any CPU = Debug|Any CPU
		Release|Any CPU = Release|Any CPU
	EndGlobalSection
	GlobalSection(ProjectConfigurationPlatforms) = postSolution
		{D64D6F48-8D6B-4143-AAD4-025FA86114F2}.Debug|Any CPU.ActiveCfg = Debug|Any CPU
		{D64D6F48-8D6B-4143-AAD4-025FA86114F2}.Debug|Any CPU.Build.0 = Debug|Any CPU
		{D64D6F48-8D6B-4143-AAD4-025FA86114F2}.Release|Any CPU.ActiveCfg = Release|Any CPU
		{D64D6F48-8D6B-4143-AAD4-025FA86114F2}.Release|Any CPU.Build.0 = Release|Any CPU
	EndGlobalSection
	GlobalSection(SolutionProperties) = preSolution
		HideSolutionNode = FALSE
	EndGlobalSection
	GlobalSection(ExtensibilityGlobals) = postSolution
		SolutionGuid = {19237DE3-F790-4DA5-95EC-511C061B9ED6}
	EndGlobalSection
EndGlobal
